
Microsoft Visual Studio Solution File, Format Version 12.00
# Visual Studio Version 16
VisualStudioVersion = 16.0.31624.102
MinimumVisualStudioVersion = 10.0.40219.1
Project("{9A19103F-16F7-4668-BE54-9A1E7A4F7556}") = "Entities", "Entity\Entities.csproj", "{B63DF616-2055-4EAA-A328-B848833F9127}"
EndProject
Project("{9A19103F-16F7-4668-BE54-9A1E7A4F7556}") = "Core", "Core\Core.csproj", "{1812710C-AD09-45DA-99DC-0AC9A4247846}"
EndProject
Project("{9A19103F-16F7-4668-BE54-9A1E7A4F7556}") = "DataAccess", "DataAccess\DataAccess.csproj", "{B30717FC-7377-406F-BD98-7047447FA421}"
EndProject
Project("{9A19103F-16F7-4668-BE54-9A1E7A4F7556}") = "Business", "Business\Business.csproj", "{7A2475CA-80EC-42CF-851A-6AFC88CF6A19}"
EndProject
Project("{FAE04EC0-301F-11D3-BF4B-00C04F79EFBC}") = "WebAPI", "WebAPI\WebAPI.csproj", "{EC5D522C-C416-4FA7-AB33-AC2306EE6BE6}"
EndProject
Global
	GlobalSection(SolutionConfigurationPlatforms) = preSolution
		Debug|Any CPU = Debug|Any CPU
		Release|Any CPU = Release|Any CPU
	EndGlobalSection
	GlobalSection(ProjectConfigurationPlatforms) = postSolution
		{B63DF616-2055-4EAA-A328-B848833F9127}.Debug|Any CPU.ActiveCfg = Debug|Any CPU
		{B63DF616-2055-4EAA-A328-B848833F9127}.Debug|Any CPU.Build.0 = Debug|Any CPU
		{B63DF616-2055-4EAA-A328-B848833F9127}.Release|Any CPU.ActiveCfg = Release|Any CPU
		{B63DF616-2055-4EAA-A328-B848833F9127}.Release|Any CPU.Build.0 = Release|Any CPU
		{1812710C-AD09-45DA-99DC-0AC9A4247846}.Debug|Any CPU.ActiveCfg = Debug|Any CPU
		{1812710C-AD09-45DA-99DC-0AC9A4247846}.Debug|Any CPU.Build.0 = Debug|Any CPU
		{1812710C-AD09-45DA-99DC-0AC9A4247846}.Release|Any CPU.ActiveCfg = Release|Any CPU
		{1812710C-AD09-45DA-99DC-0AC9A4247846}.Release|Any CPU.Build.0 = Release|Any CPU
		{B30717FC-7377-406F-BD98-7047447FA421}.Debug|Any CPU.ActiveCfg = Debug|Any CPU
		{B30717FC-7377-406F-BD98-7047447FA421}.Debug|Any CPU.Build.0 = Debug|Any CPU
		{B30717FC-7377-406F-BD98-7047447FA421}.Release|Any CPU.ActiveCfg = Release|Any CPU
		{B30717FC-7377-406F-BD98-7047447FA421}.Release|Any CPU.Build.0 = Release|Any CPU
		{7A2475CA-80EC-42CF-851A-6AFC88CF6A19}.Debug|Any CPU.ActiveCfg = Debug|Any CPU
		{7A2475CA-80EC-42CF-851A-6AFC88CF6A19}.Debug|Any CPU.Build.0 = Debug|Any CPU
		{7A2475CA-80EC-42CF-851A-6AFC88CF6A19}.Release|Any CPU.ActiveCfg = Release|Any CPU
		{7A2475CA-80EC-42CF-851A-6AFC88CF6A19}.Release|Any CPU.Build.0 = Release|Any CPU
		{EC5D522C-C416-4FA7-AB33-AC2306EE6BE6}.Debug|Any CPU.ActiveCfg = Debug|Any CPU
		{EC5D522C-C416-4FA7-AB33-AC2306EE6BE6}.Debug|Any CPU.Build.0 = Debug|Any CPU
		{EC5D522C-C416-4FA7-AB33-AC2306EE6BE6}.Release|Any CPU.ActiveCfg = Release|Any CPU
		{EC5D522C-C416-4FA7-AB33-AC2306EE6BE6}.Release|Any CPU.Build.0 = Release|Any CPU
	EndGlobalSection
	GlobalSection(SolutionProperties) = preSolution
		HideSolutionNode = FALSE
	EndGlobalSection
	GlobalSection(ExtensibilityGlobals) = postSolution
		SolutionGuid = {38857E5F-91C0-4D4E-BC2B-2C9B10DD0C10}
	EndGlobalSection
EndGlobal
